
Microsoft Visual Studio Solution File, Format Version 12.00
# Visual Studio Version 17
VisualStudioVersion = 17.13.35931.197
MinimumVisualStudioVersion = 10.0.40219.1
Project("{8BC9CEB8-8B4A-11D0-8D11-00A0C91BC942}") = "Functional Performance Test Module", "Functional Performance Test Module.vcxproj", "{F76C3FF6-540A-45C9-B019-3387BDC4DCF4}"
EndProject
Global
	GlobalSection(SolutionConfigurationPlatforms) = preSolution
		Debug AFDD Iowa|ARM = Debug AFDD Iowa|ARM
		Debug AFDD Iowa|Win32 = Debug AFDD Iowa|Win32
		Debug AFDD Iowa|x64 = Debug AFDD Iowa|x64
		Debug AFDD Sparks|ARM = Debug AFDD Sparks|ARM
		Debug AFDD Sparks|Win32 = Debug AFDD Sparks|Win32
		Debug AFDD Sparks|x64 = Debug AFDD Sparks|x64
		Debug VAV|ARM = Debug VAV|ARM
		Debug VAV|Win32 = Debug VAV|Win32
		Debug VAV|x64 = Debug VAV|x64
		Debug|ARM = Debug|ARM
		Debug|Win32 = Debug|Win32
		Debug|x64 = Debug|x64
		Release AFDD Sparks|ARM = Release AFDD Sparks|ARM
		Release AFDD Sparks|Win32 = Release AFDD Sparks|Win32
		Release AFDD Sparks|x64 = Release AFDD Sparks|x64
		Release AFDD VAV|ARM = Release AFDD VAV|ARM
		Release AFDD VAV|Win32 = Release AFDD VAV|Win32
		Release AFDD VAV|x64 = Release AFDD VAV|x64
		Release OFFLINE|ARM = Release OFFLINE|ARM
		Release OFFLINE|Win32 = Release OFFLINE|Win32
		Release OFFLINE|x64 = Release OFFLINE|x64
		Release VAV|ARM = Release VAV|ARM
		Release VAV|Win32 = Release VAV|Win32
		Release VAV|x64 = Release VAV|x64
		Release|ARM = Release|ARM
		Release|Win32 = Release|Win32
		Release|x64 = Release|x64
	EndGlobalSection
	GlobalSection(ProjectConfigurationPlatforms) = postSolution
		{F76C3FF6-540A-45C9-B019-3387BDC4DCF4}.Debug AFDD Iowa|ARM.ActiveCfg = Debug AFDD CAIR|Win32
		{F76C3FF6-540A-45C9-B019-3387BDC4DCF4}.Debug AFDD Iowa|ARM.Build.0 = Debug AFDD CAIR|Win32
		{F76C3FF6-540A-45C9-B019-3387BDC4DCF4}.Debug AFDD Iowa|Win32.ActiveCfg = Debug AFDD VAV|Win32
		{F76C3FF6-540A-45C9-B019-3387BDC4DCF4}.Debug AFDD Iowa|Win32.Build.0 = Debug AFDD VAV|Win32
		{F76C3FF6-540A-45C9-B019-3387BDC4DCF4}.Debug AFDD Iowa|x64.ActiveCfg = Debug AFDD CAIR|Win32
		{F76C3FF6-540A-45C9-B019-3387BDC4DCF4}.Debug AFDD Iowa|x64.Build.0 = Debug AFDD CAIR|Win32
		{F76C3FF6-540A-45C9-B019-3387BDC4DCF4}.Debug AFDD Sparks|ARM.ActiveCfg = Debug AFDD CAIR|Win32
		{F76C3FF6-540A-45C9-B019-3387BDC4DCF4}.Debug AFDD Sparks|ARM.Build.0 = Debug AFDD CAIR|Win32
		{F76C3FF6-540A-45C9-B019-3387BDC4DCF4}.Debug AFDD Sparks|Win32.ActiveCfg = Debug AFDD VAV|Win32
		{F76C3FF6-540A-45C9-B019-3387BDC4DCF4}.Debug AFDD Sparks|Win32.Build.0 = Debug AFDD VAV|Win32
		{F76C3FF6-540A-45C9-B019-3387BDC4DCF4}.Debug AFDD Sparks|x64.ActiveCfg = Debug AFDD CAIR|Win32
		{F76C3FF6-540A-45C9-B019-3387BDC4DCF4}.Debug AFDD Sparks|x64.Build.0 = Debug AFDD CAIR|Win32
		{F76C3FF6-540A-45C9-B019-3387BDC4DCF4}.Debug VAV|ARM.ActiveCfg = Debug AFDD CAIR|Win32
		{F76C3FF6-540A-45C9-B019-3387BDC4DCF4}.Debug VAV|ARM.Build.0 = Debug AFDD CAIR|Win32
		{F76C3FF6-540A-45C9-B019-3387BDC4DCF4}.Debug VAV|Win32.ActiveCfg = Debug AFDD VAV|Win32
		{F76C3FF6-540A-45C9-B019-3387BDC4DCF4}.Debug VAV|Win32.Build.0 = Debug AFDD VAV|Win32
		{F76C3FF6-540A-45C9-B019-3387BDC4DCF4}.Debug VAV|x64.ActiveCfg = Debug AFDD CAIR|Win32
		{F76C3FF6-540A-45C9-B019-3387BDC4DCF4}.Debug VAV|x64.Build.0 = Debug AFDD CAIR|Win32
		{F76C3FF6-540A-45C9-B019-3387BDC4DCF4}.Debug|ARM.ActiveCfg = Debug|Win32
		{F76C3FF6-540A-45C9-B019-3387BDC4DCF4}.Debug|Win32.ActiveCfg = Debug|Win32
		{F76C3FF6-540A-45C9-B019-3387BDC4DCF4}.Debug|Win32.Build.0 = Debug|Win32
		{F76C3FF6-540A-45C9-B019-3387BDC4DCF4}.Debug|x64.ActiveCfg = Debug|Win32
		{F76C3FF6-540A-45C9-B019-3387BDC4DCF4}.Debug|x64.Build.0 = Debug|Win32
		{F76C3FF6-540A-45C9-B019-3387BDC4DCF4}.Release AFDD Sparks|ARM.ActiveCfg = Debug AFDD CAIR|Win32
		{F76C3FF6-540A-45C9-B019-3387BDC4DCF4}.Release AFDD Sparks|ARM.Build.0 = Debug AFDD CAIR|Win32
		{F76C3FF6-540A-45C9-B019-3387BDC4DCF4}.Release AFDD Sparks|Win32.ActiveCfg = Release AFDD CAIR|Win32
		{F76C3FF6-540A-45C9-B019-3387BDC4DCF4}.Release AFDD Sparks|Win32.Build.0 = Release AFDD CAIR|Win32
		{F76C3FF6-540A-45C9-B019-3387BDC4DCF4}.Release AFDD Sparks|x64.ActiveCfg = Debug AFDD CAIR|Win32
		{F76C3FF6-540A-45C9-B019-3387BDC4DCF4}.Release AFDD Sparks|x64.Build.0 = Debug AFDD CAIR|Win32
		{F76C3FF6-540A-45C9-B019-3387BDC4DCF4}.Release AFDD VAV|ARM.ActiveCfg = Release AFDD VAV|Win32
		{F76C3FF6-540A-45C9-B019-3387BDC4DCF4}.Release AFDD VAV|Win32.ActiveCfg = Release AFDD VAV|Win32
		{F76C3FF6-540A-45C9-B019-3387BDC4DCF4}.Release AFDD VAV|Win32.Build.0 = Release AFDD VAV|Win32
		{F76C3FF6-540A-45C9-B019-3387BDC4DCF4}.Release AFDD VAV|Win32.Deploy.0 = Release AFDD VAV|Win32
		{F76C3FF6-540A-45C9-B019-3387BDC4DCF4}.Release AFDD VAV|x64.ActiveCfg = Release AFDD VAV|Win32
		{F76C3FF6-540A-45C9-B019-3387BDC4DCF4}.Release OFFLINE|ARM.ActiveCfg = Release OFFLINE|Win32
		{F76C3FF6-540A-45C9-B019-3387BDC4DCF4}.Release OFFLINE|Win32.ActiveCfg = Release OFFLINE|Win32
		{F76C3FF6-540A-45C9-B019-3387BDC4DCF4}.Release OFFLINE|Win32.Build.0 = Release OFFLINE|Win32
		{F76C3FF6-540A-45C9-B019-3387BDC4DCF4}.Release OFFLINE|x64.ActiveCfg = Release OFFLINE|Win32
		{F76C3FF6-540A-45C9-B019-3387BDC4DCF4}.Release VAV|ARM.ActiveCfg = Debug AFDD CAIR|Win32
		{F76C3FF6-540A-45C9-B019-3387BDC4DCF4}.Release VAV|ARM.Build.0 = Debug AFDD CAIR|Win32
		{F76C3FF6-540A-45C9-B019-3387BDC4DCF4}.Release VAV|Win32.ActiveCfg = Release AFDD CAIR|Win32
		{F76C3FF6-540A-45C9-B019-3387BDC4DCF4}.Release VAV|Win32.Build.0 = Release AFDD CAIR|Win32
		{F76C3FF6-540A-45C9-B019-3387BDC4DCF4}.Release VAV|x64.ActiveCfg = Debug AFDD CAIR|Win32
		{F76C3FF6-540A-45C9-B019-3387BDC4DCF4}.Release VAV|x64.Build.0 = Debug AFDD CAIR|Win32
		{F76C3FF6-540A-45C9-B019-3387BDC4DCF4}.Release|ARM.ActiveCfg = Release|Win32
		{F76C3FF6-540A-45C9-B019-3387BDC4DCF4}.Release|Win32.ActiveCfg = Release|Win32
		{F76C3FF6-540A-45C9-B019-3387BDC4DCF4}.Release|Win32.Build.0 = Release|Win32
		{F76C3FF6-540A-45C9-B019-3387BDC4DCF4}.Release|Win32.Deploy.0 = Release|Win32
		{F76C3FF6-540A-45C9-B019-3387BDC4DCF4}.Release|x64.ActiveCfg = Release|Win32
		{F76C3FF6-540A-45C9-B019-3387BDC4DCF4}.Release|x64.Build.0 = Release|Win32
	EndGlobalSection
	GlobalSection(SolutionProperties) = preSolution
		HideSolutionNode = FALSE
	EndGlobalSection
	GlobalSection(ExtensibilityGlobals) = postSolution
		SolutionGuid = {919E45A5-5900-4791-A206-75B0A7BF7475}
	EndGlobalSection
EndGlobal
